
Microsoft Visual Studio Solution File, Format Version 12.00
# Visual Studio Version 17
VisualStudioVersion = 17.13.35913.81 d17.13
MinimumVisualStudioVersion = 10.0.40219.1
Project("{FAE04EC0-301F-11D3-BF4B-00C04F79EFBC}") = "SistemaConsultorio", "SsitemaConsultorio\SistemaConsultorio.csproj", "{FB0C97A5-5D47-4CBB-B2C9-20E8EDDF370B}"
EndProject
Project("{FAE04EC0-301F-11D3-BF4B-00C04F79EFBC}") = "Dominio", "Dominio\Dominio.csproj", "{1A61DE96-E499-4601-9456-0090FA1FB435}"
EndProject
Project("{FAE04EC0-301F-11D3-BF4B-00C04F79EFBC}") = "Negocio", "Negocio\Negocio.csproj", "{13CF0DE3-487B-4459-BA39-9B1C27410044}"
EndProject
Project("{FAE04EC0-301F-11D3-BF4B-00C04F79EFBC}") = "BasesDatos", "BasesDatos\BasesDatos.csproj", "{4FE7EB68-B31B-4C1F-A548-D73C878D29CF}"
EndProject
Global
	GlobalSection(SolutionConfigurationPlatforms) = preSolution
		Debug|Any CPU = Debug|Any CPU
		Release|Any CPU = Release|Any CPU
	EndGlobalSection
	GlobalSection(ProjectConfigurationPlatforms) = postSolution
		{FB0C97A5-5D47-4CBB-B2C9-20E8EDDF370B}.Debug|Any CPU.ActiveCfg = Debug|Any CPU
		{FB0C97A5-5D47-4CBB-B2C9-20E8EDDF370B}.Debug|Any CPU.Build.0 = Debug|Any CPU
		{FB0C97A5-5D47-4CBB-B2C9-20E8EDDF370B}.Release|Any CPU.ActiveCfg = Release|Any CPU
		{FB0C97A5-5D47-4CBB-B2C9-20E8EDDF370B}.Release|Any CPU.Build.0 = Release|Any CPU
		{1A61DE96-E499-4601-9456-0090FA1FB435}.Debug|Any CPU.ActiveCfg = Debug|Any CPU
		{1A61DE96-E499-4601-9456-0090FA1FB435}.Debug|Any CPU.Build.0 = Debug|Any CPU
		{1A61DE96-E499-4601-9456-0090FA1FB435}.Release|Any CPU.ActiveCfg = Release|Any CPU
		{1A61DE96-E499-4601-9456-0090FA1FB435}.Release|Any CPU.Build.0 = Release|Any CPU
		{13CF0DE3-487B-4459-BA39-9B1C27410044}.Debug|Any CPU.ActiveCfg = Debug|Any CPU
		{13CF0DE3-487B-4459-BA39-9B1C27410044}.Debug|Any CPU.Build.0 = Debug|Any CPU
		{13CF0DE3-487B-4459-BA39-9B1C27410044}.Release|Any CPU.ActiveCfg = Release|Any CPU
		{13CF0DE3-487B-4459-BA39-9B1C27410044}.Release|Any CPU.Build.0 = Release|Any CPU
		{4FE7EB68-B31B-4C1F-A548-D73C878D29CF}.Debug|Any CPU.ActiveCfg = Debug|Any CPU
		{4FE7EB68-B31B-4C1F-A548-D73C878D29CF}.Debug|Any CPU.Build.0 = Debug|Any CPU
		{4FE7EB68-B31B-4C1F-A548-D73C878D29CF}.Release|Any CPU.ActiveCfg = Release|Any CPU
		{4FE7EB68-B31B-4C1F-A548-D73C878D29CF}.Release|Any CPU.Build.0 = Release|Any CPU
	EndGlobalSection
	GlobalSection(SolutionProperties) = preSolution
		HideSolutionNode = FALSE
	EndGlobalSection
	GlobalSection(ExtensibilityGlobals) = postSolution
		SolutionGuid = {02873378-371D-4C1C-AC53-6AF86265FF45}
	EndGlobalSection
EndGlobal
